// !$*UTF8*$!
{
	archiveVersion = 1;
	classes = {
	};
	objectVersion = 56;
	objects = {

/* Begin PBXBuildFile section */
		9A2745742955EFA1005B6B1F /* CustomLabel.swift in Sources */ = {isa = PBXBuildFile; fileRef = 9A2745732955EFA1005B6B1F /* CustomLabel.swift */; };
		9A32F4462958C2E3004A3E2D /* CustomTextField.swift in Sources */ = {isa = PBXBuildFile; fileRef = 9A32F4452958C2E3004A3E2D /* CustomTextField.swift */; };
		9A4371EE29579D340025D7C8 /* CustomerViewController.swift in Sources */ = {isa = PBXBuildFile; fileRef = 9A4371ED29579D340025D7C8 /* CustomerViewController.swift */; };
		9A4371F029579D430025D7C8 /* SellerViewController.swift in Sources */ = {isa = PBXBuildFile; fileRef = 9A4371EF29579D430025D7C8 /* SellerViewController.swift */; };
		9A998C182953724800299294 /* AppDelegate.swift in Sources */ = {isa = PBXBuildFile; fileRef = 9A998C172953724800299294 /* AppDelegate.swift */; };
		9A998C1A2953724800299294 /* SceneDelegate.swift in Sources */ = {isa = PBXBuildFile; fileRef = 9A998C192953724800299294 /* SceneDelegate.swift */; };
		9A998C1C2953724800299294 /* MainViewController.swift in Sources */ = {isa = PBXBuildFile; fileRef = 9A998C1B2953724800299294 /* MainViewController.swift */; };
		9A998C222953724800299294 /* Pet_Yes.xcdatamodeld in Sources */ = {isa = PBXBuildFile; fileRef = 9A998C202953724800299294 /* Pet_Yes.xcdatamodeld */; };
		9A998C242953724900299294 /* Assets.xcassets in Resources */ = {isa = PBXBuildFile; fileRef = 9A998C232953724900299294 /* Assets.xcassets */; };
		9A998C272953724900299294 /* LaunchScreen.storyboard in Resources */ = {isa = PBXBuildFile; fileRef = 9A998C252953724900299294 /* LaunchScreen.storyboard */; };
		9A998C2F295372BE00299294 /* PageViewController.swift in Sources */ = {isa = PBXBuildFile; fileRef = 9A998C2E295372BE00299294 /* PageViewController.swift */; };
		9A998C31295375DD00299294 /* OnboardingViewController.swift in Sources */ = {isa = PBXBuildFile; fileRef = 9A998C30295375DD00299294 /* OnboardingViewController.swift */; };
		9A998C332953870A00299294 /* CustomButton.swift in Sources */ = {isa = PBXBuildFile; fileRef = 9A998C322953870900299294 /* CustomButton.swift */; };
/* End PBXBuildFile section */

/* Begin PBXFileReference section */
		9A2745732955EFA1005B6B1F /* CustomLabel.swift */ = {isa = PBXFileReference; lastKnownFileType = sourcecode.swift; path = CustomLabel.swift; sourceTree = "<group>"; };
		9A32F4452958C2E3004A3E2D /* CustomTextField.swift */ = {isa = PBXFileReference; lastKnownFileType = sourcecode.swift; path = CustomTextField.swift; sourceTree = "<group>"; };
		9A4371ED29579D340025D7C8 /* CustomerViewController.swift */ = {isa = PBXFileReference; lastKnownFileType = sourcecode.swift; path = CustomerViewController.swift; sourceTree = "<group>"; };
		9A4371EF29579D430025D7C8 /* SellerViewController.swift */ = {isa = PBXFileReference; lastKnownFileType = sourcecode.swift; path = SellerViewController.swift; sourceTree = "<group>"; };
		9A998C142953724800299294 /* Pet-Yes.app */ = {isa = PBXFileReference; explicitFileType = wrapper.application; includeInIndex = 0; path = "Pet-Yes.app"; sourceTree = BUILT_PRODUCTS_DIR; };
		9A998C172953724800299294 /* AppDelegate.swift */ = {isa = PBXFileReference; lastKnownFileType = sourcecode.swift; path = AppDelegate.swift; sourceTree = "<group>"; };
		9A998C192953724800299294 /* SceneDelegate.swift */ = {isa = PBXFileReference; lastKnownFileType = sourcecode.swift; path = SceneDelegate.swift; sourceTree = "<group>"; };
		9A998C1B2953724800299294 /* MainViewController.swift */ = {isa = PBXFileReference; lastKnownFileType = sourcecode.swift; path = MainViewController.swift; sourceTree = "<group>"; };
		9A998C212953724800299294 /* Pet_Yes.xcdatamodel */ = {isa = PBXFileReference; lastKnownFileType = wrapper.xcdatamodel; path = Pet_Yes.xcdatamodel; sourceTree = "<group>"; };
		9A998C232953724900299294 /* Assets.xcassets */ = {isa = PBXFileReference; lastKnownFileType = folder.assetcatalog; path = Assets.xcassets; sourceTree = "<group>"; };
		9A998C262953724900299294 /* Base */ = {isa = PBXFileReference; lastKnownFileType = file.storyboard; name = Base; path = Base.lproj/LaunchScreen.storyboard; sourceTree = "<group>"; };
		9A998C282953724900299294 /* Info.plist */ = {isa = PBXFileReference; lastKnownFileType = text.plist.xml; path = Info.plist; sourceTree = "<group>"; };
		9A998C2E295372BE00299294 /* PageViewController.swift */ = {isa = PBXFileReference; lastKnownFileType = sourcecode.swift; path = PageViewController.swift; sourceTree = "<group>"; };
		9A998C30295375DD00299294 /* OnboardingViewController.swift */ = {isa = PBXFileReference; lastKnownFileType = sourcecode.swift; path = OnboardingViewController.swift; sourceTree = "<group>"; };
		9A998C322953870900299294 /* CustomButton.swift */ = {isa = PBXFileReference; lastKnownFileType = sourcecode.swift; path = CustomButton.swift; sourceTree = "<group>"; };
/* End PBXFileReference section */

/* Begin PBXFrameworksBuildPhase section */
		9A998C112953724800299294 /* Frameworks */ = {
			isa = PBXFrameworksBuildPhase;
			buildActionMask = 2147483647;
			files = (
			);
			runOnlyForDeploymentPostprocessing = 0;
		};
/* End PBXFrameworksBuildPhase section */

/* Begin PBXGroup section */
		9A2745752955EFB4005B6B1F /* ViewControllers */ = {
			isa = PBXGroup;
			children = (
				9A998C1B2953724800299294 /* MainViewController.swift */,
				9A4371EF29579D430025D7C8 /* SellerViewController.swift */,
				9A4371ED29579D340025D7C8 /* CustomerViewController.swift */,
				9A998C30295375DD00299294 /* OnboardingViewController.swift */,
				9A998C2E295372BE00299294 /* PageViewController.swift */,
			);
			path = ViewControllers;
			sourceTree = "<group>";
		};
		9A2745762955F04A005B6B1F /* Custom */ = {
			isa = PBXGroup;
			children = (
				9A2745732955EFA1005B6B1F /* CustomLabel.swift */,
				9A32F4452958C2E3004A3E2D /* CustomTextField.swift */,
				9A998C322953870900299294 /* CustomButton.swift */,
			);
			path = Custom;
			sourceTree = "<group>";
		};
		9A998C0B2953724800299294 = {
			isa = PBXGroup;
			children = (
				9A998C162953724800299294 /* Pet-Yes */,
				9A998C152953724800299294 /* Products */,
			);
			sourceTree = "<group>";
		};
		9A998C152953724800299294 /* Products */ = {
			isa = PBXGroup;
			children = (
				9A998C142953724800299294 /* Pet-Yes.app */,
			);
			name = Products;
			sourceTree = "<group>";
		};
		9A998C162953724800299294 /* Pet-Yes */ = {
			isa = PBXGroup;
			children = (
				9A2745762955F04A005B6B1F /* Custom */,
				9A2745752955EFB4005B6B1F /* ViewControllers */,
				9A998C172953724800299294 /* AppDelegate.swift */,
				9A998C192953724800299294 /* SceneDelegate.swift */,
				9A998C232953724900299294 /* Assets.xcassets */,
				9A998C252953724900299294 /* LaunchScreen.storyboard */,
				9A998C282953724900299294 /* Info.plist */,
				9A998C202953724800299294 /* Pet_Yes.xcdatamodeld */,
			);
			path = "Pet-Yes";
			sourceTree = "<group>";
		};
/* End PBXGroup section */

/* Begin PBXNativeTarget section */
		9A998C132953724800299294 /* Pet-Yes */ = {
			isa = PBXNativeTarget;
			buildConfigurationList = 9A998C2B2953724900299294 /* Build configuration list for PBXNativeTarget "Pet-Yes" */;
			buildPhases = (
				9A998C102953724800299294 /* Sources */,
				9A998C112953724800299294 /* Frameworks */,
				9A998C122953724800299294 /* Resources */,
			);
			buildRules = (
			);
			dependencies = (
			);
			name = "Pet-Yes";
			productName = "Pet-Yes";
			productReference = 9A998C142953724800299294 /* Pet-Yes.app */;
			productType = "com.apple.product-type.application";
		};
/* End PBXNativeTarget section */

/* Begin PBXProject section */
		9A998C0C2953724800299294 /* Project object */ = {
			isa = PBXProject;
			attributes = {
				BuildIndependentTargetsInParallel = 1;
				LastSwiftUpdateCheck = 1400;
				LastUpgradeCheck = 1400;
				TargetAttributes = {
					9A998C132953724800299294 = {
						CreatedOnToolsVersion = 14.0;
					};
				};
			};
			buildConfigurationList = 9A998C0F2953724800299294 /* Build configuration list for PBXProject "Pet-Yes" */;
			compatibilityVersion = "Xcode 14.0";
			developmentRegion = en;
			hasScannedForEncodings = 0;
			knownRegions = (
				en,
				Base,
			);
			mainGroup = 9A998C0B2953724800299294;
			productRefGroup = 9A998C152953724800299294 /* Products */;
			projectDirPath = "";
			projectRoot = "";
			targets = (
				9A998C132953724800299294 /* Pet-Yes */,
			);
		};
/* End PBXProject section */

/* Begin PBXResourcesBuildPhase section */
		9A998C122953724800299294 /* Resources */ = {
			isa = PBXResourcesBuildPhase;
			buildActionMask = 2147483647;
			files = (
				9A998C272953724900299294 /* LaunchScreen.storyboard in Resources */,
				9A998C242953724900299294 /* Assets.xcassets in Resources */,
			);
			runOnlyForDeploymentPostprocessing = 0;
		};
/* End PBXResourcesBuildPhase section */

/* Begin PBXSourcesBuildPhase section */
		9A998C102953724800299294 /* Sources */ = {
			isa = PBXSourcesBuildPhase;
			buildActionMask = 2147483647;
			files = (
				9A998C1C2953724800299294 /* MainViewController.swift in Sources */,
				9A32F4462958C2E3004A3E2D /* CustomTextField.swift in Sources */,
				9A998C31295375DD00299294 /* OnboardingViewController.swift in Sources */,
				9A998C2F295372BE00299294 /* PageViewController.swift in Sources */,
				9A4371F029579D430025D7C8 /* SellerViewController.swift in Sources */,
				9A4371EE29579D340025D7C8 /* CustomerViewController.swift in Sources */,
				9A998C222953724800299294 /* Pet_Yes.xcdatamodeld in Sources */,
				9A998C332953870A00299294 /* CustomButton.swift in Sources */,
				9A998C182953724800299294 /* AppDelegate.swift in Sources */,
				9A998C1A2953724800299294 /* SceneDelegate.swift in Sources */,
				9A2745742955EFA1005B6B1F /* CustomLabel.swift in Sources */,
			);
			runOnlyForDeploymentPostprocessing = 0;
		};
/* End PBXSourcesBuildPhase section */

/* Begin PBXVariantGroup section */
		9A998C252953724900299294 /* LaunchScreen.storyboard */ = {
			isa = PBXVariantGroup;
			children = (
				9A998C262953724900299294 /* Base */,
			);
			name = LaunchScreen.storyboard;
			sourceTree = "<group>";
		};
/* End PBXVariantGroup section */

/* Begin XCBuildConfiguration section */
		9A998C292953724900299294 /* Debug */ = {
			isa = XCBuildConfiguration;
			buildSettings = {
				ALWAYS_SEARCH_USER_PATHS = NO;
				CLANG_ANALYZER_NONNULL = YES;
				CLANG_ANALYZER_NUMBER_OBJECT_CONVERSION = YES_AGGRESSIVE;
				CLANG_CXX_LANGUAGE_STANDARD = "gnu++20";
				CLANG_ENABLE_MODULES = YES;
				CLANG_ENABLE_OBJC_ARC = YES;
				CLANG_ENABLE_OBJC_WEAK = YES;
				CLANG_WARN_BLOCK_CAPTURE_AUTORELEASING = YES;
				CLANG_WARN_BOOL_CONVERSION = YES;
				CLANG_WARN_COMMA = YES;
				CLANG_WARN_CONSTANT_CONVERSION = YES;
				CLANG_WARN_DEPRECATED_OBJC_IMPLEMENTATIONS = YES;
				CLANG_WARN_DIRECT_OBJC_ISA_USAGE = YES_ERROR;
				CLANG_WARN_DOCUMENTATION_COMMENTS = YES;
				CLANG_WARN_EMPTY_BODY = YES;
				CLANG_WARN_ENUM_CONVERSION = YES;
				CLANG_WARN_INFINITE_RECURSION = YES;
				CLANG_WARN_INT_CONVERSION = YES;
				CLANG_WARN_NON_LITERAL_NULL_CONVERSION = YES;
				CLANG_WARN_OBJC_IMPLICIT_RETAIN_SELF = YES;
				CLANG_WARN_OBJC_LITERAL_CONVERSION = YES;
				CLANG_WARN_OBJC_ROOT_CLASS = YES_ERROR;
				CLANG_WARN_QUOTED_INCLUDE_IN_FRAMEWORK_HEADER = YES;
				CLANG_WARN_RANGE_LOOP_ANALYSIS = YES;
				CLANG_WARN_STRICT_PROTOTYPES = YES;
				CLANG_WARN_SUSPICIOUS_MOVE = YES;
				CLANG_WARN_UNGUARDED_AVAILABILITY = YES_AGGRESSIVE;
				CLANG_WARN_UNREACHABLE_CODE = YES;
				CLANG_WARN__DUPLICATE_METHOD_MATCH = YES;
				COPY_PHASE_STRIP = NO;
				DEBUG_INFORMATION_FORMAT = dwarf;
				ENABLE_STRICT_OBJC_MSGSEND = YES;
				ENABLE_TESTABILITY = YES;
				GCC_C_LANGUAGE_STANDARD = gnu11;
				GCC_DYNAMIC_NO_PIC = NO;
				GCC_NO_COMMON_BLOCKS = YES;
				GCC_OPTIMIZATION_LEVEL = 0;
				GCC_PREPROCESSOR_DEFINITIONS = (
					"DEBUG=1",
					"$(inherited)",
				);
				GCC_WARN_64_TO_32_BIT_CONVERSION = YES;
				GCC_WARN_ABOUT_RETURN_TYPE = YES_ERROR;
				GCC_WARN_UNDECLARED_SELECTOR = YES;
				GCC_WARN_UNINITIALIZED_AUTOS = YES_AGGRESSIVE;
				GCC_WARN_UNUSED_FUNCTION = YES;
				GCC_WARN_UNUSED_VARIABLE = YES;
				IPHONEOS_DEPLOYMENT_TARGET = 16.0;
				MTL_ENABLE_DEBUG_INFO = INCLUDE_SOURCE;
				MTL_FAST_MATH = YES;
				ONLY_ACTIVE_ARCH = YES;
				SDKROOT = iphoneos;
				SWIFT_ACTIVE_COMPILATION_CONDITIONS = DEBUG;
				SWIFT_OPTIMIZATION_LEVEL = "-Onone";
			};
			name = Debug;
		};
		9A998C2A2953724900299294 /* Release */ = {
			isa = XCBuildConfiguration;
			buildSettings = {
				ALWAYS_SEARCH_USER_PATHS = NO;
				CLANG_ANALYZER_NONNULL = YES;
				CLANG_ANALYZER_NUMBER_OBJECT_CONVERSION = YES_AGGRESSIVE;
				CLANG_CXX_LANGUAGE_STANDARD = "gnu++20";
				CLANG_ENABLE_MODULES = YES;
				CLANG_ENABLE_OBJC_ARC = YES;
				CLANG_ENABLE_OBJC_WEAK = YES;
				CLANG_WARN_BLOCK_CAPTURE_AUTORELEASING = YES;
				CLANG_WARN_BOOL_CONVERSION = YES;
				CLANG_WARN_COMMA = YES;
				CLANG_WARN_CONSTANT_CONVERSION = YES;
				CLANG_WARN_DEPRECATED_OBJC_IMPLEMENTATIONS = YES;
				CLANG_WARN_DIRECT_OBJC_ISA_USAGE = YES_ERROR;
				CLANG_WARN_DOCUMENTATION_COMMENTS = YES;
				CLANG_WARN_EMPTY_BODY = YES;
				CLANG_WARN_ENUM_CONVERSION = YES;
				CLANG_WARN_INFINITE_RECURSION = YES;
				CLANG_WARN_INT_CONVERSION = YES;
				CLANG_WARN_NON_LITERAL_NULL_CONVERSION = YES;
				CLANG_WARN_OBJC_IMPLICIT_RETAIN_SELF = YES;
				CLANG_WARN_OBJC_LITERAL_CONVERSION = YES;
				CLANG_WARN_OBJC_ROOT_CLASS = YES_ERROR;
				CLANG_WARN_QUOTED_INCLUDE_IN_FRAMEWORK_HEADER = YES;
				CLANG_WARN_RANGE_LOOP_ANALYSIS = YES;
				CLANG_WARN_STRICT_PROTOTYPES = YES;
				CLANG_WARN_SUSPICIOUS_MOVE = YES;
				CLANG_WARN_UNGUARDED_AVAILABILITY = YES_AGGRESSIVE;
				CLANG_WARN_UNREACHABLE_CODE = YES;
				CLANG_WARN__DUPLICATE_METHOD_MATCH = YES;
				COPY_PHASE_STRIP = NO;
				DEBUG_INFORMATION_FORMAT = "dwarf-with-dsym";
				ENABLE_NS_ASSERTIONS = NO;
				ENABLE_STRICT_OBJC_MSGSEND = YES;
				GCC_C_LANGUAGE_STANDARD = gnu11;
				GCC_NO_COMMON_BLOCKS = YES;
				GCC_WARN_64_TO_32_BIT_CONVERSION = YES;
				GCC_WARN_ABOUT_RETURN_TYPE = YES_ERROR;
				GCC_WARN_UNDECLARED_SELECTOR = YES;
				GCC_WARN_UNINITIALIZED_AUTOS = YES_AGGRESSIVE;
				GCC_WARN_UNUSED_FUNCTION = YES;
				GCC_WARN_UNUSED_VARIABLE = YES;
				IPHONEOS_DEPLOYMENT_TARGET = 16.0;
				MTL_ENABLE_DEBUG_INFO = NO;
				MTL_FAST_MATH = YES;
				SDKROOT = iphoneos;
				SWIFT_COMPILATION_MODE = wholemodule;
				SWIFT_OPTIMIZATION_LEVEL = "-O";
				VALIDATE_PRODUCT = YES;
			};
			name = Release;
		};
		9A998C2C2953724900299294 /* Debug */ = {
			isa = XCBuildConfiguration;
			buildSettings = {
				ASSETCATALOG_COMPILER_APPICON_NAME = AppIcon;
				ASSETCATALOG_COMPILER_GLOBAL_ACCENT_COLOR_NAME = AccentColor;
				CODE_SIGN_STYLE = Automatic;
				CURRENT_PROJECT_VERSION = 1;
				DEVELOPMENT_TEAM = 226GFVXVNB;
				GENERATE_INFOPLIST_FILE = YES;
				INFOPLIST_FILE = "Pet-Yes/Info.plist";
				INFOPLIST_KEY_UIApplicationSupportsIndirectInputEvents = YES;
				INFOPLIST_KEY_UILaunchStoryboardName = LaunchScreen;
				INFOPLIST_KEY_UISupportedInterfaceOrientations_iPad = "UIInterfaceOrientationPortrait UIInterfaceOrientationPortraitUpsideDown UIInterfaceOrientationLandscapeLeft UIInterfaceOrientationLandscapeRight";
				INFOPLIST_KEY_UISupportedInterfaceOrientations_iPhone = "UIInterfaceOrientationPortrait UIInterfaceOrientationLandscapeLeft UIInterfaceOrientationLandscapeRight";
				LD_RUNPATH_SEARCH_PATHS = (
					"$(inherited)",
					"@executable_path/Frameworks",
				);
				MARKETING_VERSION = 1.0;
				PRODUCT_BUNDLE_IDENTIFIER = "-.Pet-Yes";
				PRODUCT_NAME = "$(TARGET_NAME)";
				SWIFT_EMIT_LOC_STRINGS = YES;
				SWIFT_VERSION = 5.0;
				TARGETED_DEVICE_FAMILY = "1,2";
			};
			name = Debug;
		};
		9A998C2D2953724900299294 /* Release */ = {
			isa = XCBuildConfiguration;
			buildSettings = {
				ASSETCATALOG_COMPILER_APPICON_NAME = AppIcon;
				ASSETCATALOG_COMPILER_GLOBAL_ACCENT_COLOR_NAME = AccentColor;
				CODE_SIGN_STYLE = Automatic;
				CURRENT_PROJECT_VERSION = 1;
				DEVELOPMENT_TEAM = 226GFVXVNB;
				GENERATE_INFOPLIST_FILE = YES;
				INFOPLIST_FILE = "Pet-Yes/Info.plist";
				INFOPLIST_KEY_UIApplicationSupportsIndirectInputEvents = YES;
				INFOPLIST_KEY_UILaunchStoryboardName = LaunchScreen;
				INFOPLIST_KEY_UISupportedInterfaceOrientations_iPad = "UIInterfaceOrientationPortrait UIInterfaceOrientationPortraitUpsideDown UIInterfaceOrientationLandscapeLeft UIInterfaceOrientationLandscapeRight";
				INFOPLIST_KEY_UISupportedInterfaceOrientations_iPhone = "UIInterfaceOrientationPortrait UIInterfaceOrientationLandscapeLeft UIInterfaceOrientationLandscapeRight";
				LD_RUNPATH_SEARCH_PATHS = (
					"$(inherited)",
					"@executable_path/Frameworks",
				);
				MARKETING_VERSION = 1.0;
				PRODUCT_BUNDLE_IDENTIFIER = "-.Pet-Yes";
				PRODUCT_NAME = "$(TARGET_NAME)";
				SWIFT_EMIT_LOC_STRINGS = YES;
				SWIFT_VERSION = 5.0;
				TARGETED_DEVICE_FAMILY = "1,2";
			};
			name = Release;
		};
/* End XCBuildConfiguration section */

/* Begin XCConfigurationList section */
		9A998C0F2953724800299294 /* Build configuration list for PBXProject "Pet-Yes" */ = {
			isa = XCConfigurationList;
			buildConfigurations = (
				9A998C292953724900299294 /* Debug */,
				9A998C2A2953724900299294 /* Release */,
			);
			defaultConfigurationIsVisible = 0;
			defaultConfigurationName = Release;
		};
		9A998C2B2953724900299294 /* Build configuration list for PBXNativeTarget "Pet-Yes" */ = {
			isa = XCConfigurationList;
			buildConfigurations = (
				9A998C2C2953724900299294 /* Debug */,
				9A998C2D2953724900299294 /* Release */,
			);
			defaultConfigurationIsVisible = 0;
			defaultConfigurationName = Release;
		};
/* End XCConfigurationList section */

/* Begin XCVersionGroup section */
		9A998C202953724800299294 /* Pet_Yes.xcdatamodeld */ = {
			isa = XCVersionGroup;
			children = (
				9A998C212953724800299294 /* Pet_Yes.xcdatamodel */,
			);
			currentVersion = 9A998C212953724800299294 /* Pet_Yes.xcdatamodel */;
			path = Pet_Yes.xcdatamodeld;
			sourceTree = "<group>";
			versionGroupType = wrapper.xcdatamodel;
		};
/* End XCVersionGroup section */
	};
	rootObject = 9A998C0C2953724800299294 /* Project object */;
}
